// !$*UTF8*$!
{
    archiveVersion = 1;
    classes = {};
    objectVersion = 56;
    objects = {

/* Begin PBXBuildFile section */
        A10000000000000000000001 = {isa = PBXBuildFile; fileRef = A20000000000000000000001; };
        A10000000000000000000002 = {isa = PBXBuildFile; fileRef = A20000000000000000000002; };
        A10000000000000000000003 = {isa = PBXBuildFile; fileRef = A20000000000000000000003; };
        A10000000000000000000004 = {isa = PBXBuildFile; fileRef = A20000000000000000000004; };
        A10000000000000000000005 = {isa = PBXBuildFile; fileRef = A20000000000000000000005; };
        A10000000000000000000006 = {isa = PBXBuildFile; fileRef = A20000000000000000000006; };
        A10000000000000000000007 = {isa = PBXBuildFile; fileRef = A20000000000000000000008; };
        A10000000000000000000008 = {isa = PBXBuildFile; fileRef = A20000000000000000000009; };
        A10000000000000000000009 = {isa = PBXBuildFile; fileRef = A2000000000000000000000A; };
        A1000000000000000000000A = {isa = PBXBuildFile; fileRef = A2000000000000000000000B; };
        A1000000000000000000000B = {isa = PBXBuildFile; fileRef = A2000000000000000000000E; };
        A1000000000000000000000C = {isa = PBXBuildFile; fileRef = A2000000000000000000000F; };
        A1000000000000000000000D = {isa = PBXBuildFile; fileRef = A20000000000000000000010; };
/* End PBXBuildFile section */

/* Begin PBXContainerItemProxy section */
        A90000000000000000000001 = {
            isa = PBXContainerItemProxy;
            containerPortal = A50000000000000000000001;
            proxyType = 1;
            remoteGlobalIDString = A40000000000000000000001;
            remoteInfo = SyncAudioReceiver;
        };
/* End PBXContainerItemProxy section */

/* Begin PBXFileReference section */
        A20000000000000000000001 = {isa = PBXFileReference; lastKnownFileType = sourcecode.swift; path = AudioPacket.swift; sourceTree = "<group>"; };
        A20000000000000000000002 = {isa = PBXFileReference; lastKnownFileType = sourcecode.swift; path = ReceiverSnapshot.swift; sourceTree = "<group>"; };
        A20000000000000000000003 = {isa = PBXFileReference; lastKnownFileType = sourcecode.swift; path = UDPStreamReceiver.swift; sourceTree = "<group>"; };
        A20000000000000000000004 = {isa = PBXFileReference; lastKnownFileType = sourcecode.swift; path = ReceiverViewModel.swift; sourceTree = "<group>"; };
        A20000000000000000000005 = {isa = PBXFileReference; lastKnownFileType = sourcecode.swift; path = ContentView.swift; sourceTree = "<group>"; };
        A20000000000000000000006 = {isa = PBXFileReference; lastKnownFileType = sourcecode.swift; path = SyncAudioReceiverApp.swift; sourceTree = "<group>"; };
        A20000000000000000000007 = {isa = PBXFileReference; lastKnownFileType = text.plist.xml; path = Info.plist; sourceTree = "<group>"; };
        A20000000000000000000008 = {isa = PBXFileReference; lastKnownFileType = sourcecode.swift; path = AudioPacketTests.swift; sourceTree = "<group>"; };
        A20000000000000000000009 = {isa = PBXFileReference; lastKnownFileType = wrapper.framework; name = AVFoundation.framework; path = System/Library/Frameworks/AVFoundation.framework; sourceTree = SDKROOT; };
        A2000000000000000000000A = {isa = PBXFileReference; lastKnownFileType = wrapper.framework; name = Network.framework; path = System/Library/Frameworks/Network.framework; sourceTree = SDKROOT; };
        A2000000000000000000000B = {isa = PBXFileReference; lastKnownFileType = wrapper.framework; name = XCTest.framework; path = System/Library/Frameworks/XCTest.framework; sourceTree = SDKROOT; };
        A2000000000000000000000C = {isa = PBXFileReference; explicitFileType = wrapper.application; includeInIndex = 0; path = SyncAudioReceiver.app; sourceTree = BUILT_PRODUCTS_DIR; };
        A2000000000000000000000D = {isa = PBXFileReference; explicitFileType = wrapper.cfbundle; includeInIndex = 0; path = SyncAudioReceiverTests.xctest; sourceTree = BUILT_PRODUCTS_DIR; };
        A2000000000000000000000E = {isa = PBXFileReference; lastKnownFileType = sourcecode.swift; path = PacketPlaybackQueue.swift; sourceTree = "<group>"; };
        A2000000000000000000000F = {isa = PBXFileReference; lastKnownFileType = sourcecode.swift; path = PCMBufferConverter.swift; sourceTree = "<group>"; };
        A20000000000000000000010 = {isa = PBXFileReference; lastKnownFileType = sourcecode.swift; path = AudioPlaybackController.swift; sourceTree = "<group>"; };
/* End PBXFileReference section */

/* Begin PBXFrameworksBuildPhase section */
        A60000000000000000000002 = {isa = PBXFrameworksBuildPhase; buildActionMask = 2147483647; files = (A10000000000000000000008, A10000000000000000000009); runOnlyForDeploymentPostprocessing = 0; };
        A60000000000000000000005 = {isa = PBXFrameworksBuildPhase; buildActionMask = 2147483647; files = (A1000000000000000000000A); runOnlyForDeploymentPostprocessing = 0; };
/* End PBXFrameworksBuildPhase section */

/* Begin PBXGroup section */
        A30000000000000000000001 = {isa = PBXGroup; children = (A30000000000000000000002, A30000000000000000000003, A30000000000000000000004, A30000000000000000000005); sourceTree = "<group>"; };
        A30000000000000000000002 = {isa = PBXGroup; children = (A20000000000000000000001, A20000000000000000000002, A20000000000000000000003, A20000000000000000000004, A20000000000000000000005, A20000000000000000000006, A20000000000000000000007, A2000000000000000000000E, A2000000000000000000000F, A20000000000000000000010); path = SyncAudioReceiver; sourceTree = "<group>"; };
        A30000000000000000000003 = {isa = PBXGroup; children = (A20000000000000000000008); path = SyncAudioReceiverTests; sourceTree = "<group>"; };
        A30000000000000000000004 = {isa = PBXGroup; children = (A20000000000000000000009, A2000000000000000000000A, A2000000000000000000000B); name = Frameworks; sourceTree = "<group>"; };
        A30000000000000000000005 = {isa = PBXGroup; children = (A2000000000000000000000C, A2000000000000000000000D); name = Products; sourceTree = "<group>"; };
/* End PBXGroup section */

/* Begin PBXNativeTarget section */
        A40000000000000000000001 = {
            isa = PBXNativeTarget;
            buildConfigurationList = A80000000000000000000002;
            buildPhases = (A60000000000000000000001, A60000000000000000000002, A60000000000000000000003);
            buildRules = ();
            dependencies = ();
            name = SyncAudioReceiver;
            productName = SyncAudioReceiver;
            productReference = A2000000000000000000000C;
            productType = "com.apple.product-type.application";
        };
        A40000000000000000000002 = {
            isa = PBXNativeTarget;
            buildConfigurationList = A80000000000000000000003;
            buildPhases = (A60000000000000000000004, A60000000000000000000005, A60000000000000000000006);
            buildRules = ();
            dependencies = (AA0000000000000000000001);
            name = SyncAudioReceiverTests;
            productName = SyncAudioReceiverTests;
            productReference = A2000000000000000000000D;
            productType = "com.apple.product-type.bundle.unit-test";
        };
/* End PBXNativeTarget section */

/* Begin PBXProject section */
        A50000000000000000000001 = {
            isa = PBXProject;
            attributes = {
                BuildIndependentTargetsInParallel = 1;
                LastUpgradeCheck = 1500;
                TargetAttributes = {
                    A40000000000000000000001 = {CreatedOnToolsVersion = 15.0; ProvisioningStyle = Automatic; };
                    A40000000000000000000002 = {CreatedOnToolsVersion = 15.0; TestTargetID = A40000000000000000000001; };
                };
            };
            buildConfigurationList = A80000000000000000000001;
            compatibilityVersion = "Xcode 14.0";
            developmentRegion = en;
            hasScannedForEncodings = 0;
            knownRegions = (en, Base);
            mainGroup = A30000000000000000000001;
            productRefGroup = A30000000000000000000005;
            projectDirPath = "";
            projectRoot = "";
            targets = (A40000000000000000000001, A40000000000000000000002);
        };
/* End PBXProject section */

/* Begin PBXResourcesBuildPhase section */
        A60000000000000000000003 = {isa = PBXResourcesBuildPhase; buildActionMask = 2147483647; files = (); runOnlyForDeploymentPostprocessing = 0; };
        A60000000000000000000006 = {isa = PBXResourcesBuildPhase; buildActionMask = 2147483647; files = (); runOnlyForDeploymentPostprocessing = 0; };
/* End PBXResourcesBuildPhase section */

/* Begin PBXSourcesBuildPhase section */
        A60000000000000000000001 = {isa = PBXSourcesBuildPhase; buildActionMask = 2147483647; files = (A10000000000000000000001, A10000000000000000000002, A10000000000000000000003, A10000000000000000000004, A10000000000000000000005, A10000000000000000000006, A1000000000000000000000B, A1000000000000000000000C, A1000000000000000000000D); runOnlyForDeploymentPostprocessing = 0; };
        A60000000000000000000004 = {isa = PBXSourcesBuildPhase; buildActionMask = 2147483647; files = (A10000000000000000000007); runOnlyForDeploymentPostprocessing = 0; };
/* End PBXSourcesBuildPhase section */

/* Begin PBXTargetDependency section */
        AA0000000000000000000001 = {isa = PBXTargetDependency; target = A40000000000000000000001; targetProxy = A90000000000000000000001; };
/* End PBXTargetDependency section */

/* Begin XCBuildConfiguration section */
        A70000000000000000000001 = {isa = XCBuildConfiguration; buildSettings = {CLANG_ENABLE_MODULES = YES; DEBUG_INFORMATION_FORMAT = dwarf; ENABLE_TESTABILITY = YES; GCC_OPTIMIZATION_LEVEL = 0; IPHONEOS_DEPLOYMENT_TARGET = 16.0; SDKROOT = iphoneos; SWIFT_ACTIVE_COMPILATION_CONDITIONS = DEBUG; SWIFT_OPTIMIZATION_LEVEL = "-Onone"; }; name = Debug; };
        A70000000000000000000002 = {isa = XCBuildConfiguration; buildSettings = {CLANG_ENABLE_MODULES = YES; DEBUG_INFORMATION_FORMAT = "dwarf-with-dsym"; IPHONEOS_DEPLOYMENT_TARGET = 16.0; SDKROOT = iphoneos; SWIFT_COMPILATION_MODE = wholemodule; }; name = Release; };
        A70000000000000000000003 = {isa = XCBuildConfiguration; buildSettings = {CODE_SIGN_STYLE = Automatic; GENERATE_INFOPLIST_FILE = NO; INFOPLIST_FILE = SyncAudioReceiver/Info.plist; IPHONEOS_DEPLOYMENT_TARGET = 16.0; LD_RUNPATH_SEARCH_PATHS = ("$(inherited)", "@executable_path/Frameworks"); PRODUCT_BUNDLE_IDENTIFIER = com.anantchdryy.SyncAudioReceiver; PRODUCT_NAME = "$(TARGET_NAME)"; SUPPORTED_PLATFORMS = "iphoneos iphonesimulator"; SWIFT_VERSION = 5.0; TARGETED_DEVICE_FAMILY = 1; }; name = Debug; };
        A70000000000000000000004 = {isa = XCBuildConfiguration; buildSettings = {CODE_SIGN_STYLE = Automatic; GENERATE_INFOPLIST_FILE = NO; INFOPLIST_FILE = SyncAudioReceiver/Info.plist; IPHONEOS_DEPLOYMENT_TARGET = 16.0; LD_RUNPATH_SEARCH_PATHS = ("$(inherited)", "@executable_path/Frameworks"); PRODUCT_BUNDLE_IDENTIFIER = com.anantchdryy.SyncAudioReceiver; PRODUCT_NAME = "$(TARGET_NAME)"; SUPPORTED_PLATFORMS = "iphoneos iphonesimulator"; SWIFT_VERSION = 5.0; TARGETED_DEVICE_FAMILY = 1; }; name = Release; };
        A70000000000000000000005 = {isa = XCBuildConfiguration; buildSettings = {BUNDLE_LOADER = "$(TEST_HOST)"; CODE_SIGN_STYLE = Automatic; GENERATE_INFOPLIST_FILE = YES; IPHONEOS_DEPLOYMENT_TARGET = 16.0; PRODUCT_BUNDLE_IDENTIFIER = com.anantchdryy.SyncAudioReceiverTests; PRODUCT_NAME = "$(TARGET_NAME)"; SUPPORTED_PLATFORMS = "iphoneos iphonesimulator"; SWIFT_VERSION = 5.0; TARGETED_DEVICE_FAMILY = 1; TEST_HOST = "$(BUILT_PRODUCTS_DIR)/SyncAudioReceiver.app/SyncAudioReceiver"; }; name = Debug; };
        A70000000000000000000006 = {isa = XCBuildConfiguration; buildSettings = {BUNDLE_LOADER = "$(TEST_HOST)"; CODE_SIGN_STYLE = Automatic; GENERATE_INFOPLIST_FILE = YES; IPHONEOS_DEPLOYMENT_TARGET = 16.0; PRODUCT_BUNDLE_IDENTIFIER = com.anantchdryy.SyncAudioReceiverTests; PRODUCT_NAME = "$(TARGET_NAME)"; SUPPORTED_PLATFORMS = "iphoneos iphonesimulator"; SWIFT_VERSION = 5.0; TARGETED_DEVICE_FAMILY = 1; TEST_HOST = "$(BUILT_PRODUCTS_DIR)/SyncAudioReceiver.app/SyncAudioReceiver"; }; name = Release; };
/* End XCBuildConfiguration section */

/* Begin XCConfigurationList section */
        A80000000000000000000001 = {isa = XCConfigurationList; buildConfigurations = (A70000000000000000000001, A70000000000000000000002); defaultConfigurationIsVisible = 0; defaultConfigurationName = Release; };
        A80000000000000000000002 = {isa = XCConfigurationList; buildConfigurations = (A70000000000000000000003, A70000000000000000000004); defaultConfigurationIsVisible = 0; defaultConfigurationName = Release; };
        A80000000000000000000003 = {isa = XCConfigurationList; buildConfigurations = (A70000000000000000000005, A70000000000000000000006); defaultConfigurationIsVisible = 0; defaultConfigurationName = Release; };
/* End XCConfigurationList section */
    };
    rootObject = A50000000000000000000001;
}
